
Microsoft Visual Studio Solution File, Format Version 12.00
# Visual Studio Version 17
VisualStudioVersion = 17.3.32811.315
MinimumVisualStudioVersion = 10.0.40219.1
Project("{FAE04EC0-301F-11D3-BF4B-00C04F79EFBC}") = "DataUploadWeb", "DataUploadWeb\DataUploadWeb.csproj", "{AF3CD304-8E9B-46B4-A372-68790A18C2B1}"
EndProject
Global
	GlobalSection(SolutionConfigurationPlatforms) = preSolution
		Debug|Any CPU = Debug|Any CPU
		Release|Any CPU = Release|Any CPU
	EndGlobalSection
	GlobalSection(ProjectConfigurationPlatforms) = postSolution
		{AF3CD304-8E9B-46B4-A372-68790A18C2B1}.Debug|Any CPU.ActiveCfg = Debug|Any CPU
		{AF3CD304-8E9B-46B4-A372-68790A18C2B1}.Debug|Any CPU.Build.0 = Debug|Any CPU
		{AF3CD304-8E9B-46B4-A372-68790A18C2B1}.Release|Any CPU.ActiveCfg = Release|Any CPU
		{AF3CD304-8E9B-46B4-A372-68790A18C2B1}.Release|Any CPU.Build.0 = Release|Any CPU
	EndGlobalSection
	GlobalSection(SolutionProperties) = preSolution
		HideSolutionNode = FALSE
	EndGlobalSection
	GlobalSection(ExtensibilityGlobals) = postSolution
		SolutionGuid = {486C06C6-C146-40FA-9D67-506693CB78FF}
	EndGlobalSection
EndGlobal
